
Microsoft Visual Studio Solution File, Format Version 12.00
#
Project("{FAE04EC0-301F-11D3-BF4B-00C04F79EFBC}") = "Maestro.Api", "Maestro-Api\Maestro.Api.csproj", "{707F89DD-5455-4756-AF7F-DE82A64CEC14}"
EndProject
Project("{2150E333-8FDC-42A3-9474-1A3956D46DE8}") = "Maestro-Biblioteca", "Maestro-Biblioteca", "{B36B5E1D-47AF-4A6E-8414-0E84FBF5F19F}"
EndProject
Project("{FAE04EC0-301F-11D3-BF4B-00C04F79EFBC}") = "Maestro.Biblioteca", "Maestro-Biblioteca\Maestro.Biblioteca.csproj", "{9453D8F3-60D4-4BB5-9068-C1C31E68594D}"
EndProject
Project("{FAE04EC0-301F-11D3-BF4B-00C04F79EFBC}") = "Biblioteca.Api", "Maestro-Biblioteca\Biblioteca-Api\Biblioteca.Api.csproj", "{41BC4466-DABB-4834-844A-88EEC1629963}"
EndProject
Project("{2150E333-8FDC-42A3-9474-1A3956D46DE8}") = "Biblioteca-Api", "Biblioteca-Api", "{03B87464-CEC7-4CA7-BDAB-C3104B1E956B}"
EndProject
Project("{FAE04EC0-301F-11D3-BF4B-00C04F79EFBC}") = "Comunicación.Api", "Maestro-Biblioteca\Biblioteca-Api\Comunicación-Api\Comunicación.Api.csproj", "{5E825626-3FA6-4038-925B-5210C0BD60CA}"
EndProject
Project("{FAE04EC0-301F-11D3-BF4B-00C04F79EFBC}") = "Infraestructura.Api", "Maestro-Biblioteca\Biblioteca-Api\Infraestructura-Api\Infraestructura.Api.csproj", "{99204353-705E-4420-BF9E-E1FEADB9783B}"
EndProject
Project("{FAE04EC0-301F-11D3-BF4B-00C04F79EFBC}") = "Modelos.Api", "Maestro-Biblioteca\Biblioteca-Api\Modelos-Api\Modelos.Api.csproj", "{BE56EFD1-8BAC-4A41-8BCB-E4E5E110B6C1}"
EndProject
Project("{FAE04EC0-301F-11D3-BF4B-00C04F79EFBC}") = "Repositorios.Api", "Maestro-Biblioteca\Biblioteca-Api\Repositorios-Api\Repositorios.Api.csproj", "{858F66A9-30F7-4D59-8406-E37B5E3F1EE4}"
EndProject
Project("{FAE04EC0-301F-11D3-BF4B-00C04F79EFBC}") = "Servicios.Api", "Maestro-Biblioteca\Biblioteca-Api\Servicios-Api\Servicios.Api.csproj", "{BC5481C8-50FA-4661-9EC9-32A9B462503D}"
EndProject
Project("{FAE04EC0-301F-11D3-BF4B-00C04F79EFBC}") = "Biblioteca.Universal", "Maestro-Biblioteca\Biblioteca-Universal\Biblioteca.Universal.csproj", "{B3145614-6803-4B53-A533-348E00B53EBD}"
EndProject
Project("{2150E333-8FDC-42A3-9474-1A3956D46DE8}") = "Biblioteca-Universal", "Biblioteca-Universal", "{6C3EDE7C-BD0B-482F-9CB0-2D66226E1167}"
EndProject
Project("{FAE04EC0-301F-11D3-BF4B-00C04F79EFBC}") = "Modelos.Universal", "Maestro-Biblioteca\Biblioteca-Universal\Modelos-Universal\Modelos.Universal.csproj", "{7071A8E2-7083-4EF5-BFA0-B59D5C69DC01}"
EndProject
Project("{FAE04EC0-301F-11D3-BF4B-00C04F79EFBC}") = "Comunicación.Universal", "Maestro-Biblioteca\Biblioteca-Universal\Comunicación-Universal\Comunicación.Universal.csproj", "{CCB893EB-F29B-4299-8994-7EE76B54AA25}"
EndProject
Project("{FAE04EC0-301F-11D3-BF4B-00C04F79EFBC}") = "Servicios.Universal", "Maestro-Biblioteca\Biblioteca-Universal\Servicios-Universal\Servicios.Universal.csproj", "{77CDBD35-F15E-4F9D-B126-8933389D1738}"
EndProject
Project("{FAE04EC0-301F-11D3-BF4B-00C04F79EFBC}") = "Componentes.Universal", "Maestro-Biblioteca\Biblioteca-Universal\Componentes-Universal\Componentes.Universal.csproj", "{55ABA270-6435-458A-B8AF-1868E8C835CC}"
EndProject
Project("{FAE04EC0-301F-11D3-BF4B-00C04F79EFBC}") = "Configuración.Universal", "Maestro-Biblioteca\Biblioteca-Universal\Configuración-Universal\Configuración.Universal.csproj", "{F74A7A36-F6A8-4A74-B164-25C5DBA73F4F}"
EndProject
Project("{FAE04EC0-301F-11D3-BF4B-00C04F79EFBC}") = "Eventos.Universal", "Maestro-Biblioteca\Biblioteca-Universal\Eventos-Universal\Eventos.Universal.csproj", "{305E70E7-1EED-4F85-B926-7403D0E3F5FA}"
EndProject
Project("{FAE04EC0-301F-11D3-BF4B-00C04F79EFBC}") = "Biblioteca-Crítico", "Maestro-Biblioteca\Biblioteca-Crítico\Biblioteca-Crítico.csproj", "{3A156E4E-F2B3-4B08-9B13-4DE7D2EA535F}"
EndProject
Project("{2150E333-8FDC-42A3-9474-1A3956D46DE8}") = "Biblioteca-Crítico", "Biblioteca-Crítico", "{9C0FA4F4-0F95-4A2E-8E83-6AB14C1D4F10}"
EndProject
Project("{FAE04EC0-301F-11D3-BF4B-00C04F79EFBC}") = "Modelos.Crítico", "Maestro-Biblioteca\Biblioteca-Crítico\Modelos-Crítico\Modelos.Crítico.csproj", "{B87743CE-76D0-4C69-B625-C4E5E1CE0E01}"
EndProject
Project("{FAE04EC0-301F-11D3-BF4B-00C04F79EFBC}") = "Comunicacion.Crítico", "Maestro-Biblioteca\Biblioteca-Crítico\Comunicacion-Crítico\Comunicacion.Crítico.csproj", "{C88348F5-ED3A-4916-9B9E-BE86F6EE7D43}"
EndProject
Project("{FAE04EC0-301F-11D3-BF4B-00C04F79EFBC}") = "Componentes.Crítico", "Maestro-Biblioteca\Biblioteca-Crítico\Componentes-Crítico\Componentes.Crítico.csproj", "{D7C6CA9A-D2B2-4F67-90D6-38F7A3D76E83}"
EndProject
Project("{FAE04EC0-301F-11D3-BF4B-00C04F79EFBC}") = "Servicios.Crítico", "Maestro-Biblioteca\Biblioteca-Crítico\Servicios-Crítico\Servicios.Crítico.csproj", "{E4E13E28-45FE-48BF-B0DF-B5B26D6F37B2}"
EndProject
Project("{FAE04EC0-301F-11D3-BF4B-00C04F79EFBC}") = "Eventos.Crítico", "Maestro-Biblioteca\Biblioteca-Crítico\Eventos-Crítico\Eventos.Crítico.csproj", "{F38D5610-3D8F-4A3F-A67E-B3E2338252B8}"
EndProject
Project("{FAE04EC0-301F-11D3-BF4B-00C04F79EFBC}") = "Maestro.Crítico", "Maestro-Crítico\Maestro.Crítico.csproj", "{A00E0F15-9F61-4D4D-9AB5-2220B01ED2B4}"
EndProject
Global
	GlobalSection(RiderSharedRunConfigurations) = postSolution
	EndGlobalSection
	GlobalSection(SolutionConfigurationPlatforms) = preSolution
		Debug|Any CPU = Debug|Any CPU
		Debug|x64 = Debug|x64
		Debug|x86 = Debug|x86
		Release|Any CPU = Release|Any CPU
		Release|x64 = Release|x64
		Release|x86 = Release|x86
	EndGlobalSection
	GlobalSection(ProjectConfigurationPlatforms) = postSolution
		{707F89DD-5455-4756-AF7F-DE82A64CEC14}.Debug|Any CPU.ActiveCfg = Debug|Any CPU
		{707F89DD-5455-4756-AF7F-DE82A64CEC14}.Debug|Any CPU.Build.0 = Debug|Any CPU
		{707F89DD-5455-4756-AF7F-DE82A64CEC14}.Debug|x64.ActiveCfg = Debug|Any CPU
		{707F89DD-5455-4756-AF7F-DE82A64CEC14}.Debug|x64.Build.0 = Debug|Any CPU
		{707F89DD-5455-4756-AF7F-DE82A64CEC14}.Debug|x86.ActiveCfg = Debug|Any CPU
		{707F89DD-5455-4756-AF7F-DE82A64CEC14}.Debug|x86.Build.0 = Debug|Any CPU
		{707F89DD-5455-4756-AF7F-DE82A64CEC14}.Release|Any CPU.ActiveCfg = Release|Any CPU
		{707F89DD-5455-4756-AF7F-DE82A64CEC14}.Release|Any CPU.Build.0 = Release|Any CPU
		{707F89DD-5455-4756-AF7F-DE82A64CEC14}.Release|x64.ActiveCfg = Release|Any CPU
		{707F89DD-5455-4756-AF7F-DE82A64CEC14}.Release|x64.Build.0 = Release|Any CPU
		{707F89DD-5455-4756-AF7F-DE82A64CEC14}.Release|x86.ActiveCfg = Release|Any CPU
		{707F89DD-5455-4756-AF7F-DE82A64CEC14}.Release|x86.Build.0 = Release|Any CPU
		{9453D8F3-60D4-4BB5-9068-C1C31E68594D}.Debug|Any CPU.ActiveCfg = Debug|Any CPU
		{9453D8F3-60D4-4BB5-9068-C1C31E68594D}.Debug|Any CPU.Build.0 = Debug|Any CPU
		{9453D8F3-60D4-4BB5-9068-C1C31E68594D}.Debug|x64.ActiveCfg = Debug|Any CPU
		{9453D8F3-60D4-4BB5-9068-C1C31E68594D}.Debug|x64.Build.0 = Debug|Any CPU
		{9453D8F3-60D4-4BB5-9068-C1C31E68594D}.Debug|x86.ActiveCfg = Debug|Any CPU
		{9453D8F3-60D4-4BB5-9068-C1C31E68594D}.Debug|x86.Build.0 = Debug|Any CPU
		{9453D8F3-60D4-4BB5-9068-C1C31E68594D}.Release|Any CPU.ActiveCfg = Release|Any CPU
		{9453D8F3-60D4-4BB5-9068-C1C31E68594D}.Release|Any CPU.Build.0 = Release|Any CPU
		{9453D8F3-60D4-4BB5-9068-C1C31E68594D}.Release|x64.ActiveCfg = Release|Any CPU
		{9453D8F3-60D4-4BB5-9068-C1C31E68594D}.Release|x64.Build.0 = Release|Any CPU
		{9453D8F3-60D4-4BB5-9068-C1C31E68594D}.Release|x86.ActiveCfg = Release|Any CPU
		{9453D8F3-60D4-4BB5-9068-C1C31E68594D}.Release|x86.Build.0 = Release|Any CPU
		{41BC4466-DABB-4834-844A-88EEC1629963}.Debug|Any CPU.ActiveCfg = Debug|Any CPU
		{41BC4466-DABB-4834-844A-88EEC1629963}.Debug|Any CPU.Build.0 = Debug|Any CPU
		{41BC4466-DABB-4834-844A-88EEC1629963}.Debug|x64.ActiveCfg = Debug|Any CPU
		{41BC4466-DABB-4834-844A-88EEC1629963}.Debug|x64.Build.0 = Debug|Any CPU
		{41BC4466-DABB-4834-844A-88EEC1629963}.Debug|x86.ActiveCfg = Debug|Any CPU
		{41BC4466-DABB-4834-844A-88EEC1629963}.Debug|x86.Build.0 = Debug|Any CPU
		{41BC4466-DABB-4834-844A-88EEC1629963}.Release|Any CPU.ActiveCfg = Release|Any CPU
		{41BC4466-DABB-4834-844A-88EEC1629963}.Release|Any CPU.Build.0 = Release|Any CPU
		{41BC4466-DABB-4834-844A-88EEC1629963}.Release|x64.ActiveCfg = Release|Any CPU
		{41BC4466-DABB-4834-844A-88EEC1629963}.Release|x64.Build.0 = Release|Any CPU
		{41BC4466-DABB-4834-844A-88EEC1629963}.Release|x86.ActiveCfg = Release|Any CPU
		{41BC4466-DABB-4834-844A-88EEC1629963}.Release|x86.Build.0 = Release|Any CPU
		{5E825626-3FA6-4038-925B-5210C0BD60CA}.Debug|Any CPU.ActiveCfg = Debug|Any CPU
		{5E825626-3FA6-4038-925B-5210C0BD60CA}.Debug|Any CPU.Build.0 = Debug|Any CPU
		{5E825626-3FA6-4038-925B-5210C0BD60CA}.Debug|x64.ActiveCfg = Debug|Any CPU
		{5E825626-3FA6-4038-925B-5210C0BD60CA}.Debug|x64.Build.0 = Debug|Any CPU
		{5E825626-3FA6-4038-925B-5210C0BD60CA}.Debug|x86.ActiveCfg = Debug|Any CPU
		{5E825626-3FA6-4038-925B-5210C0BD60CA}.Debug|x86.Build.0 = Debug|Any CPU
		{5E825626-3FA6-4038-925B-5210C0BD60CA}.Release|Any CPU.ActiveCfg = Release|Any CPU
		{5E825626-3FA6-4038-925B-5210C0BD60CA}.Release|Any CPU.Build.0 = Release|Any CPU
		{5E825626-3FA6-4038-925B-5210C0BD60CA}.Release|x64.ActiveCfg = Release|Any CPU
		{5E825626-3FA6-4038-925B-5210C0BD60CA}.Release|x64.Build.0 = Release|Any CPU
		{5E825626-3FA6-4038-925B-5210C0BD60CA}.Release|x86.ActiveCfg = Release|Any CPU
		{5E825626-3FA6-4038-925B-5210C0BD60CA}.Release|x86.Build.0 = Release|Any CPU
		{99204353-705E-4420-BF9E-E1FEADB9783B}.Debug|Any CPU.ActiveCfg = Debug|Any CPU
		{99204353-705E-4420-BF9E-E1FEADB9783B}.Debug|Any CPU.Build.0 = Debug|Any CPU
		{99204353-705E-4420-BF9E-E1FEADB9783B}.Debug|x64.ActiveCfg = Debug|Any CPU
		{99204353-705E-4420-BF9E-E1FEADB9783B}.Debug|x64.Build.0 = Debug|Any CPU
		{99204353-705E-4420-BF9E-E1FEADB9783B}.Debug|x86.ActiveCfg = Debug|Any CPU
		{99204353-705E-4420-BF9E-E1FEADB9783B}.Debug|x86.Build.0 = Debug|Any CPU
		{99204353-705E-4420-BF9E-E1FEADB9783B}.Release|Any CPU.ActiveCfg = Release|Any CPU
		{99204353-705E-4420-BF9E-E1FEADB9783B}.Release|Any CPU.Build.0 = Release|Any CPU
		{99204353-705E-4420-BF9E-E1FEADB9783B}.Release|x64.ActiveCfg = Release|Any CPU
		{99204353-705E-4420-BF9E-E1FEADB9783B}.Release|x64.Build.0 = Release|Any CPU
		{99204353-705E-4420-BF9E-E1FEADB9783B}.Release|x86.ActiveCfg = Release|Any CPU
		{99204353-705E-4420-BF9E-E1FEADB9783B}.Release|x86.Build.0 = Release|Any CPU
		{BE56EFD1-8BAC-4A41-8BCB-E4E5E110B6C1}.Debug|Any CPU.ActiveCfg = Debug|Any CPU
		{BE56EFD1-8BAC-4A41-8BCB-E4E5E110B6C1}.Debug|Any CPU.Build.0 = Debug|Any CPU
		{BE56EFD1-8BAC-4A41-8BCB-E4E5E110B6C1}.Debug|x64.ActiveCfg = Debug|Any CPU
		{BE56EFD1-8BAC-4A41-8BCB-E4E5E110B6C1}.Debug|x64.Build.0 = Debug|Any CPU
		{BE56EFD1-8BAC-4A41-8BCB-E4E5E110B6C1}.Debug|x86.ActiveCfg = Debug|Any CPU
		{BE56EFD1-8BAC-4A41-8BCB-E4E5E110B6C1}.Debug|x86.Build.0 = Debug|Any CPU
		{BE56EFD1-8BAC-4A41-8BCB-E4E5E110B6C1}.Release|Any CPU.ActiveCfg = Release|Any CPU
		{BE56EFD1-8BAC-4A41-8BCB-E4E5E110B6C1}.Release|Any CPU.Build.0 = Release|Any CPU
		{BE56EFD1-8BAC-4A41-8BCB-E4E5E110B6C1}.Release|x64.ActiveCfg = Release|Any CPU
		{BE56EFD1-8BAC-4A41-8BCB-E4E5E110B6C1}.Release|x64.Build.0 = Release|Any CPU
		{BE56EFD1-8BAC-4A41-8BCB-E4E5E110B6C1}.Release|x86.ActiveCfg = Release|Any CPU
		{BE56EFD1-8BAC-4A41-8BCB-E4E5E110B6C1}.Release|x86.Build.0 = Release|Any CPU
		{858F66A9-30F7-4D59-8406-E37B5E3F1EE4}.Debug|Any CPU.ActiveCfg = Debug|Any CPU
		{858F66A9-30F7-4D59-8406-E37B5E3F1EE4}.Debug|Any CPU.Build.0 = Debug|Any CPU
		{858F66A9-30F7-4D59-8406-E37B5E3F1EE4}.Debug|x64.ActiveCfg = Debug|Any CPU
		{858F66A9-30F7-4D59-8406-E37B5E3F1EE4}.Debug|x64.Build.0 = Debug|Any CPU
		{858F66A9-30F7-4D59-8406-E37B5E3F1EE4}.Debug|x86.ActiveCfg = Debug|Any CPU
		{858F66A9-30F7-4D59-8406-E37B5E3F1EE4}.Debug|x86.Build.0 = Debug|Any CPU
		{858F66A9-30F7-4D59-8406-E37B5E3F1EE4}.Release|Any CPU.ActiveCfg = Release|Any CPU
		{858F66A9-30F7-4D59-8406-E37B5E3F1EE4}.Release|Any CPU.Build.0 = Release|Any CPU
		{858F66A9-30F7-4D59-8406-E37B5E3F1EE4}.Release|x64.ActiveCfg = Release|Any CPU
		{858F66A9-30F7-4D59-8406-E37B5E3F1EE4}.Release|x64.Build.0 = Release|Any CPU
		{858F66A9-30F7-4D59-8406-E37B5E3F1EE4}.Release|x86.ActiveCfg = Release|Any CPU
		{858F66A9-30F7-4D59-8406-E37B5E3F1EE4}.Release|x86.Build.0 = Release|Any CPU
		{BC5481C8-50FA-4661-9EC9-32A9B462503D}.Debug|Any CPU.ActiveCfg = Debug|Any CPU
		{BC5481C8-50FA-4661-9EC9-32A9B462503D}.Debug|Any CPU.Build.0 = Debug|Any CPU
		{BC5481C8-50FA-4661-9EC9-32A9B462503D}.Debug|x64.ActiveCfg = Debug|Any CPU
		{BC5481C8-50FA-4661-9EC9-32A9B462503D}.Debug|x64.Build.0 = Debug|Any CPU
		{BC5481C8-50FA-4661-9EC9-32A9B462503D}.Debug|x86.ActiveCfg = Debug|Any CPU
		{BC5481C8-50FA-4661-9EC9-32A9B462503D}.Debug|x86.Build.0 = Debug|Any CPU
		{BC5481C8-50FA-4661-9EC9-32A9B462503D}.Release|Any CPU.ActiveCfg = Release|Any CPU
		{BC5481C8-50FA-4661-9EC9-32A9B462503D}.Release|Any CPU.Build.0 = Release|Any CPU
		{BC5481C8-50FA-4661-9EC9-32A9B462503D}.Release|x64.ActiveCfg = Release|Any CPU
		{BC5481C8-50FA-4661-9EC9-32A9B462503D}.Release|x64.Build.0 = Release|Any CPU
		{BC5481C8-50FA-4661-9EC9-32A9B462503D}.Release|x86.ActiveCfg = Release|Any CPU
		{BC5481C8-50FA-4661-9EC9-32A9B462503D}.Release|x86.Build.0 = Release|Any CPU
		{B3145614-6803-4B53-A533-348E00B53EBD}.Debug|Any CPU.ActiveCfg = Debug|Any CPU
		{B3145614-6803-4B53-A533-348E00B53EBD}.Debug|Any CPU.Build.0 = Debug|Any CPU
		{B3145614-6803-4B53-A533-348E00B53EBD}.Debug|x64.ActiveCfg = Debug|Any CPU
		{B3145614-6803-4B53-A533-348E00B53EBD}.Debug|x64.Build.0 = Debug|Any CPU
		{B3145614-6803-4B53-A533-348E00B53EBD}.Debug|x86.ActiveCfg = Debug|Any CPU
		{B3145614-6803-4B53-A533-348E00B53EBD}.Debug|x86.Build.0 = Debug|Any CPU
		{B3145614-6803-4B53-A533-348E00B53EBD}.Release|Any CPU.ActiveCfg = Release|Any CPU
		{B3145614-6803-4B53-A533-348E00B53EBD}.Release|Any CPU.Build.0 = Release|Any CPU
		{B3145614-6803-4B53-A533-348E00B53EBD}.Release|x64.ActiveCfg = Release|Any CPU
		{B3145614-6803-4B53-A533-348E00B53EBD}.Release|x64.Build.0 = Release|Any CPU
		{B3145614-6803-4B53-A533-348E00B53EBD}.Release|x86.ActiveCfg = Release|Any CPU
		{B3145614-6803-4B53-A533-348E00B53EBD}.Release|x86.Build.0 = Release|Any CPU
		{7071A8E2-7083-4EF5-BFA0-B59D5C69DC01}.Debug|Any CPU.ActiveCfg = Debug|Any CPU
		{7071A8E2-7083-4EF5-BFA0-B59D5C69DC01}.Debug|Any CPU.Build.0 = Debug|Any CPU
		{7071A8E2-7083-4EF5-BFA0-B59D5C69DC01}.Debug|x64.ActiveCfg = Debug|Any CPU
		{7071A8E2-7083-4EF5-BFA0-B59D5C69DC01}.Debug|x64.Build.0 = Debug|Any CPU
		{7071A8E2-7083-4EF5-BFA0-B59D5C69DC01}.Debug|x86.ActiveCfg = Debug|Any CPU
		{7071A8E2-7083-4EF5-BFA0-B59D5C69DC01}.Debug|x86.Build.0 = Debug|Any CPU
		{7071A8E2-7083-4EF5-BFA0-B59D5C69DC01}.Release|Any CPU.ActiveCfg = Release|Any CPU
		{7071A8E2-7083-4EF5-BFA0-B59D5C69DC01}.Release|Any CPU.Build.0 = Release|Any CPU
		{7071A8E2-7083-4EF5-BFA0-B59D5C69DC01}.Release|x64.ActiveCfg = Release|Any CPU
		{7071A8E2-7083-4EF5-BFA0-B59D5C69DC01}.Release|x64.Build.0 = Release|Any CPU
		{7071A8E2-7083-4EF5-BFA0-B59D5C69DC01}.Release|x86.ActiveCfg = Release|Any CPU
		{7071A8E2-7083-4EF5-BFA0-B59D5C69DC01}.Release|x86.Build.0 = Release|Any CPU
		{CCB893EB-F29B-4299-8994-7EE76B54AA25}.Debug|Any CPU.ActiveCfg = Debug|Any CPU
		{CCB893EB-F29B-4299-8994-7EE76B54AA25}.Debug|Any CPU.Build.0 = Debug|Any CPU
		{CCB893EB-F29B-4299-8994-7EE76B54AA25}.Debug|x64.ActiveCfg = Debug|Any CPU
		{CCB893EB-F29B-4299-8994-7EE76B54AA25}.Debug|x64.Build.0 = Debug|Any CPU
		{CCB893EB-F29B-4299-8994-7EE76B54AA25}.Debug|x86.ActiveCfg = Debug|Any CPU
		{CCB893EB-F29B-4299-8994-7EE76B54AA25}.Debug|x86.Build.0 = Debug|Any CPU
		{CCB893EB-F29B-4299-8994-7EE76B54AA25}.Release|Any CPU.ActiveCfg = Release|Any CPU
		{CCB893EB-F29B-4299-8994-7EE76B54AA25}.Release|Any CPU.Build.0 = Release|Any CPU
		{CCB893EB-F29B-4299-8994-7EE76B54AA25}.Release|x64.ActiveCfg = Release|Any CPU
		{CCB893EB-F29B-4299-8994-7EE76B54AA25}.Release|x64.Build.0 = Release|Any CPU
		{CCB893EB-F29B-4299-8994-7EE76B54AA25}.Release|x86.ActiveCfg = Release|Any CPU
		{CCB893EB-F29B-4299-8994-7EE76B54AA25}.Release|x86.Build.0 = Release|Any CPU
		{77CDBD35-F15E-4F9D-B126-8933389D1738}.Debug|Any CPU.ActiveCfg = Debug|Any CPU
		{77CDBD35-F15E-4F9D-B126-8933389D1738}.Debug|Any CPU.Build.0 = Debug|Any CPU
		{77CDBD35-F15E-4F9D-B126-8933389D1738}.Debug|x64.ActiveCfg = Debug|Any CPU
		{77CDBD35-F15E-4F9D-B126-8933389D1738}.Debug|x64.Build.0 = Debug|Any CPU
		{77CDBD35-F15E-4F9D-B126-8933389D1738}.Debug|x86.ActiveCfg = Debug|Any CPU
		{77CDBD35-F15E-4F9D-B126-8933389D1738}.Debug|x86.Build.0 = Debug|Any CPU
		{77CDBD35-F15E-4F9D-B126-8933389D1738}.Release|Any CPU.ActiveCfg = Release|Any CPU
		{77CDBD35-F15E-4F9D-B126-8933389D1738}.Release|Any CPU.Build.0 = Release|Any CPU
		{77CDBD35-F15E-4F9D-B126-8933389D1738}.Release|x64.ActiveCfg = Release|Any CPU
		{77CDBD35-F15E-4F9D-B126-8933389D1738}.Release|x64.Build.0 = Release|Any CPU
		{77CDBD35-F15E-4F9D-B126-8933389D1738}.Release|x86.ActiveCfg = Release|Any CPU
		{77CDBD35-F15E-4F9D-B126-8933389D1738}.Release|x86.Build.0 = Release|Any CPU
		{55ABA270-6435-458A-B8AF-1868E8C835CC}.Debug|Any CPU.ActiveCfg = Debug|Any CPU
		{55ABA270-6435-458A-B8AF-1868E8C835CC}.Debug|Any CPU.Build.0 = Debug|Any CPU
		{55ABA270-6435-458A-B8AF-1868E8C835CC}.Debug|x64.ActiveCfg = Debug|Any CPU
		{55ABA270-6435-458A-B8AF-1868E8C835CC}.Debug|x64.Build.0 = Debug|Any CPU
		{55ABA270-6435-458A-B8AF-1868E8C835CC}.Debug|x86.ActiveCfg = Debug|Any CPU
		{55ABA270-6435-458A-B8AF-1868E8C835CC}.Debug|x86.Build.0 = Debug|Any CPU
		{55ABA270-6435-458A-B8AF-1868E8C835CC}.Release|Any CPU.ActiveCfg = Release|Any CPU
		{55ABA270-6435-458A-B8AF-1868E8C835CC}.Release|Any CPU.Build.0 = Release|Any CPU
		{55ABA270-6435-458A-B8AF-1868E8C835CC}.Release|x64.ActiveCfg = Release|Any CPU
		{55ABA270-6435-458A-B8AF-1868E8C835CC}.Release|x64.Build.0 = Release|Any CPU
		{55ABA270-6435-458A-B8AF-1868E8C835CC}.Release|x86.ActiveCfg = Release|Any CPU
		{55ABA270-6435-458A-B8AF-1868E8C835CC}.Release|x86.Build.0 = Release|Any CPU
		{F74A7A36-F6A8-4A74-B164-25C5DBA73F4F}.Debug|Any CPU.ActiveCfg = Debug|Any CPU
		{F74A7A36-F6A8-4A74-B164-25C5DBA73F4F}.Debug|Any CPU.Build.0 = Debug|Any CPU
		{F74A7A36-F6A8-4A74-B164-25C5DBA73F4F}.Debug|x64.ActiveCfg = Debug|Any CPU
		{F74A7A36-F6A8-4A74-B164-25C5DBA73F4F}.Debug|x64.Build.0 = Debug|Any CPU
		{F74A7A36-F6A8-4A74-B164-25C5DBA73F4F}.Debug|x86.ActiveCfg = Debug|Any CPU
		{F74A7A36-F6A8-4A74-B164-25C5DBA73F4F}.Debug|x86.Build.0 = Debug|Any CPU
		{F74A7A36-F6A8-4A74-B164-25C5DBA73F4F}.Release|Any CPU.ActiveCfg = Release|Any CPU
		{F74A7A36-F6A8-4A74-B164-25C5DBA73F4F}.Release|Any CPU.Build.0 = Release|Any CPU
		{F74A7A36-F6A8-4A74-B164-25C5DBA73F4F}.Release|x64.ActiveCfg = Release|Any CPU
		{F74A7A36-F6A8-4A74-B164-25C5DBA73F4F}.Release|x64.Build.0 = Release|Any CPU
		{F74A7A36-F6A8-4A74-B164-25C5DBA73F4F}.Release|x86.ActiveCfg = Release|Any CPU
		{F74A7A36-F6A8-4A74-B164-25C5DBA73F4F}.Release|x86.Build.0 = Release|Any CPU
		{305E70E7-1EED-4F85-B926-7403D0E3F5FA}.Debug|Any CPU.ActiveCfg = Debug|Any CPU
		{305E70E7-1EED-4F85-B926-7403D0E3F5FA}.Debug|Any CPU.Build.0 = Debug|Any CPU
		{305E70E7-1EED-4F85-B926-7403D0E3F5FA}.Debug|x64.ActiveCfg = Debug|Any CPU
		{305E70E7-1EED-4F85-B926-7403D0E3F5FA}.Debug|x64.Build.0 = Debug|Any CPU
		{305E70E7-1EED-4F85-B926-7403D0E3F5FA}.Debug|x86.ActiveCfg = Debug|Any CPU
		{305E70E7-1EED-4F85-B926-7403D0E3F5FA}.Debug|x86.Build.0 = Debug|Any CPU
		{305E70E7-1EED-4F85-B926-7403D0E3F5FA}.Release|Any CPU.ActiveCfg = Release|Any CPU
		{305E70E7-1EED-4F85-B926-7403D0E3F5FA}.Release|Any CPU.Build.0 = Release|Any CPU
		{305E70E7-1EED-4F85-B926-7403D0E3F5FA}.Release|x64.ActiveCfg = Release|Any CPU
		{305E70E7-1EED-4F85-B926-7403D0E3F5FA}.Release|x64.Build.0 = Release|Any CPU
		{305E70E7-1EED-4F85-B926-7403D0E3F5FA}.Release|x86.ActiveCfg = Release|Any CPU
		{305E70E7-1EED-4F85-B926-7403D0E3F5FA}.Release|x86.Build.0 = Release|Any CPU
		{3A156E4E-F2B3-4B08-9B13-4DE7D2EA535F}.Debug|Any CPU.ActiveCfg = Debug|Any CPU
		{3A156E4E-F2B3-4B08-9B13-4DE7D2EA535F}.Debug|Any CPU.Build.0 = Debug|Any CPU
		{3A156E4E-F2B3-4B08-9B13-4DE7D2EA535F}.Debug|x64.ActiveCfg = Debug|Any CPU
		{3A156E4E-F2B3-4B08-9B13-4DE7D2EA535F}.Debug|x64.Build.0 = Debug|Any CPU
		{3A156E4E-F2B3-4B08-9B13-4DE7D2EA535F}.Debug|x86.ActiveCfg = Debug|Any CPU
		{3A156E4E-F2B3-4B08-9B13-4DE7D2EA535F}.Debug|x86.Build.0 = Debug|Any CPU
		{3A156E4E-F2B3-4B08-9B13-4DE7D2EA535F}.Release|Any CPU.ActiveCfg = Release|Any CPU
		{3A156E4E-F2B3-4B08-9B13-4DE7D2EA535F}.Release|Any CPU.Build.0 = Release|Any CPU
		{3A156E4E-F2B3-4B08-9B13-4DE7D2EA535F}.Release|x64.ActiveCfg = Release|Any CPU
		{3A156E4E-F2B3-4B08-9B13-4DE7D2EA535F}.Release|x64.Build.0 = Release|Any CPU
		{3A156E4E-F2B3-4B08-9B13-4DE7D2EA535F}.Release|x86.ActiveCfg = Release|Any CPU
		{3A156E4E-F2B3-4B08-9B13-4DE7D2EA535F}.Release|x86.Build.0 = Release|Any CPU
		{B87743CE-76D0-4C69-B625-C4E5E1CE0E01}.Debug|Any CPU.ActiveCfg = Debug|Any CPU
		{B87743CE-76D0-4C69-B625-C4E5E1CE0E01}.Debug|Any CPU.Build.0 = Debug|Any CPU
		{B87743CE-76D0-4C69-B625-C4E5E1CE0E01}.Debug|x64.ActiveCfg = Debug|Any CPU
		{B87743CE-76D0-4C69-B625-C4E5E1CE0E01}.Debug|x64.Build.0 = Debug|Any CPU
		{B87743CE-76D0-4C69-B625-C4E5E1CE0E01}.Debug|x86.ActiveCfg = Debug|Any CPU
		{B87743CE-76D0-4C69-B625-C4E5E1CE0E01}.Debug|x86.Build.0 = Debug|Any CPU
		{B87743CE-76D0-4C69-B625-C4E5E1CE0E01}.Release|Any CPU.ActiveCfg = Release|Any CPU
		{B87743CE-76D0-4C69-B625-C4E5E1CE0E01}.Release|Any CPU.Build.0 = Release|Any CPU
		{B87743CE-76D0-4C69-B625-C4E5E1CE0E01}.Release|x64.ActiveCfg = Release|Any CPU
		{B87743CE-76D0-4C69-B625-C4E5E1CE0E01}.Release|x64.Build.0 = Release|Any CPU
		{B87743CE-76D0-4C69-B625-C4E5E1CE0E01}.Release|x86.ActiveCfg = Release|Any CPU
		{B87743CE-76D0-4C69-B625-C4E5E1CE0E01}.Release|x86.Build.0 = Release|Any CPU
		{C88348F5-ED3A-4916-9B9E-BE86F6EE7D43}.Debug|Any CPU.ActiveCfg = Debug|Any CPU
		{C88348F5-ED3A-4916-9B9E-BE86F6EE7D43}.Debug|Any CPU.Build.0 = Debug|Any CPU
		{C88348F5-ED3A-4916-9B9E-BE86F6EE7D43}.Debug|x64.ActiveCfg = Debug|Any CPU
		{C88348F5-ED3A-4916-9B9E-BE86F6EE7D43}.Debug|x64.Build.0 = Debug|Any CPU
		{C88348F5-ED3A-4916-9B9E-BE86F6EE7D43}.Debug|x86.ActiveCfg = Debug|Any CPU
		{C88348F5-ED3A-4916-9B9E-BE86F6EE7D43}.Debug|x86.Build.0 = Debug|Any CPU
		{C88348F5-ED3A-4916-9B9E-BE86F6EE7D43}.Release|Any CPU.ActiveCfg = Release|Any CPU
		{C88348F5-ED3A-4916-9B9E-BE86F6EE7D43}.Release|Any CPU.Build.0 = Release|Any CPU
		{C88348F5-ED3A-4916-9B9E-BE86F6EE7D43}.Release|x64.ActiveCfg = Release|Any CPU
		{C88348F5-ED3A-4916-9B9E-BE86F6EE7D43}.Release|x64.Build.0 = Release|Any CPU
		{C88348F5-ED3A-4916-9B9E-BE86F6EE7D43}.Release|x86.ActiveCfg = Release|Any CPU
		{C88348F5-ED3A-4916-9B9E-BE86F6EE7D43}.Release|x86.Build.0 = Release|Any CPU
		{D7C6CA9A-D2B2-4F67-90D6-38F7A3D76E83}.Debug|Any CPU.ActiveCfg = Debug|Any CPU
		{D7C6CA9A-D2B2-4F67-90D6-38F7A3D76E83}.Debug|Any CPU.Build.0 = Debug|Any CPU
		{D7C6CA9A-D2B2-4F67-90D6-38F7A3D76E83}.Debug|x64.ActiveCfg = Debug|Any CPU
		{D7C6CA9A-D2B2-4F67-90D6-38F7A3D76E83}.Debug|x64.Build.0 = Debug|Any CPU
		{D7C6CA9A-D2B2-4F67-90D6-38F7A3D76E83}.Debug|x86.ActiveCfg = Debug|Any CPU
		{D7C6CA9A-D2B2-4F67-90D6-38F7A3D76E83}.Debug|x86.Build.0 = Debug|Any CPU
		{D7C6CA9A-D2B2-4F67-90D6-38F7A3D76E83}.Release|Any CPU.ActiveCfg = Release|Any CPU
		{D7C6CA9A-D2B2-4F67-90D6-38F7A3D76E83}.Release|Any CPU.Build.0 = Release|Any CPU
		{D7C6CA9A-D2B2-4F67-90D6-38F7A3D76E83}.Release|x64.ActiveCfg = Release|Any CPU
		{D7C6CA9A-D2B2-4F67-90D6-38F7A3D76E83}.Release|x64.Build.0 = Release|Any CPU
		{D7C6CA9A-D2B2-4F67-90D6-38F7A3D76E83}.Release|x86.ActiveCfg = Release|Any CPU
		{D7C6CA9A-D2B2-4F67-90D6-38F7A3D76E83}.Release|x86.Build.0 = Release|Any CPU
		{E4E13E28-45FE-48BF-B0DF-B5B26D6F37B2}.Debug|Any CPU.ActiveCfg = Debug|Any CPU
		{E4E13E28-45FE-48BF-B0DF-B5B26D6F37B2}.Debug|Any CPU.Build.0 = Debug|Any CPU
		{E4E13E28-45FE-48BF-B0DF-B5B26D6F37B2}.Debug|x64.ActiveCfg = Debug|Any CPU
		{E4E13E28-45FE-48BF-B0DF-B5B26D6F37B2}.Debug|x64.Build.0 = Debug|Any CPU
		{E4E13E28-45FE-48BF-B0DF-B5B26D6F37B2}.Debug|x86.ActiveCfg = Debug|Any CPU
		{E4E13E28-45FE-48BF-B0DF-B5B26D6F37B2}.Debug|x86.Build.0 = Debug|Any CPU
		{E4E13E28-45FE-48BF-B0DF-B5B26D6F37B2}.Release|Any CPU.ActiveCfg = Release|Any CPU
		{E4E13E28-45FE-48BF-B0DF-B5B26D6F37B2}.Release|Any CPU.Build.0 = Release|Any CPU
		{E4E13E28-45FE-48BF-B0DF-B5B26D6F37B2}.Release|x64.ActiveCfg = Release|Any CPU
		{E4E13E28-45FE-48BF-B0DF-B5B26D6F37B2}.Release|x64.Build.0 = Release|Any CPU
		{E4E13E28-45FE-48BF-B0DF-B5B26D6F37B2}.Release|x86.ActiveCfg = Release|Any CPU
		{E4E13E28-45FE-48BF-B0DF-B5B26D6F37B2}.Release|x86.Build.0 = Release|Any CPU
		{F38D5610-3D8F-4A3F-A67E-B3E2338252B8}.Debug|Any CPU.ActiveCfg = Debug|Any CPU
		{F38D5610-3D8F-4A3F-A67E-B3E2338252B8}.Debug|Any CPU.Build.0 = Debug|Any CPU
		{F38D5610-3D8F-4A3F-A67E-B3E2338252B8}.Debug|x64.ActiveCfg = Debug|Any CPU
		{F38D5610-3D8F-4A3F-A67E-B3E2338252B8}.Debug|x64.Build.0 = Debug|Any CPU
		{F38D5610-3D8F-4A3F-A67E-B3E2338252B8}.Debug|x86.ActiveCfg = Debug|Any CPU
		{F38D5610-3D8F-4A3F-A67E-B3E2338252B8}.Debug|x86.Build.0 = Debug|Any CPU
		{F38D5610-3D8F-4A3F-A67E-B3E2338252B8}.Release|Any CPU.ActiveCfg = Release|Any CPU
		{F38D5610-3D8F-4A3F-A67E-B3E2338252B8}.Release|Any CPU.Build.0 = Release|Any CPU
		{F38D5610-3D8F-4A3F-A67E-B3E2338252B8}.Release|x64.ActiveCfg = Release|Any CPU
		{F38D5610-3D8F-4A3F-A67E-B3E2338252B8}.Release|x64.Build.0 = Release|Any CPU
		{F38D5610-3D8F-4A3F-A67E-B3E2338252B8}.Release|x86.ActiveCfg = Release|Any CPU
		{F38D5610-3D8F-4A3F-A67E-B3E2338252B8}.Release|x86.Build.0 = Release|Any CPU
		{A00E0F15-9F61-4D4D-9AB5-2220B01ED2B4}.Debug|Any CPU.ActiveCfg = Debug|Any CPU
		{A00E0F15-9F61-4D4D-9AB5-2220B01ED2B4}.Debug|Any CPU.Build.0 = Debug|Any CPU
		{A00E0F15-9F61-4D4D-9AB5-2220B01ED2B4}.Debug|x64.ActiveCfg = Debug|Any CPU
		{A00E0F15-9F61-4D4D-9AB5-2220B01ED2B4}.Debug|x64.Build.0 = Debug|Any CPU
		{A00E0F15-9F61-4D4D-9AB5-2220B01ED2B4}.Debug|x86.ActiveCfg = Debug|Any CPU
		{A00E0F15-9F61-4D4D-9AB5-2220B01ED2B4}.Debug|x86.Build.0 = Debug|Any CPU
		{A00E0F15-9F61-4D4D-9AB5-2220B01ED2B4}.Release|Any CPU.ActiveCfg = Release|Any CPU
		{A00E0F15-9F61-4D4D-9AB5-2220B01ED2B4}.Release|Any CPU.Build.0 = Release|Any CPU
		{A00E0F15-9F61-4D4D-9AB5-2220B01ED2B4}.Release|x64.ActiveCfg = Release|Any CPU
		{A00E0F15-9F61-4D4D-9AB5-2220B01ED2B4}.Release|x64.Build.0 = Release|Any CPU
		{A00E0F15-9F61-4D4D-9AB5-2220B01ED2B4}.Release|x86.ActiveCfg = Release|Any CPU
		{A00E0F15-9F61-4D4D-9AB5-2220B01ED2B4}.Release|x86.Build.0 = Release|Any CPU
	EndGlobalSection
	GlobalSection(NestedProjects) = preSolution
		{9453D8F3-60D4-4BB5-9068-C1C31E68594D} = {B36B5E1D-47AF-4A6E-8414-0E84FBF5F19F}
		{03B87464-CEC7-4CA7-BDAB-C3104B1E956B} = {B36B5E1D-47AF-4A6E-8414-0E84FBF5F19F}
		{41BC4466-DABB-4834-844A-88EEC1629963} = {03B87464-CEC7-4CA7-BDAB-C3104B1E956B}
		{5E825626-3FA6-4038-925B-5210C0BD60CA} = {03B87464-CEC7-4CA7-BDAB-C3104B1E956B}
		{99204353-705E-4420-BF9E-E1FEADB9783B} = {03B87464-CEC7-4CA7-BDAB-C3104B1E956B}
		{BE56EFD1-8BAC-4A41-8BCB-E4E5E110B6C1} = {03B87464-CEC7-4CA7-BDAB-C3104B1E956B}
		{858F66A9-30F7-4D59-8406-E37B5E3F1EE4} = {03B87464-CEC7-4CA7-BDAB-C3104B1E956B}
		{BC5481C8-50FA-4661-9EC9-32A9B462503D} = {03B87464-CEC7-4CA7-BDAB-C3104B1E956B}
		{B3145614-6803-4B53-A533-348E00B53EBD} = {B36B5E1D-47AF-4A6E-8414-0E84FBF5F19F}
		{6C3EDE7C-BD0B-482F-9CB0-2D66226E1167} = {B36B5E1D-47AF-4A6E-8414-0E84FBF5F19F}
		{7071A8E2-7083-4EF5-BFA0-B59D5C69DC01} = {6C3EDE7C-BD0B-482F-9CB0-2D66226E1167}
		{CCB893EB-F29B-4299-8994-7EE76B54AA25} = {6C3EDE7C-BD0B-482F-9CB0-2D66226E1167}
		{77CDBD35-F15E-4F9D-B126-8933389D1738} = {6C3EDE7C-BD0B-482F-9CB0-2D66226E1167}
		{55ABA270-6435-458A-B8AF-1868E8C835CC} = {6C3EDE7C-BD0B-482F-9CB0-2D66226E1167}
		{F74A7A36-F6A8-4A74-B164-25C5DBA73F4F} = {6C3EDE7C-BD0B-482F-9CB0-2D66226E1167}
		{305E70E7-1EED-4F85-B926-7403D0E3F5FA} = {6C3EDE7C-BD0B-482F-9CB0-2D66226E1167}
		{9C0FA4F4-0F95-4A2E-8E83-6AB14C1D4F10} = {B36B5E1D-47AF-4A6E-8414-0E84FBF5F19F}
		{3A156E4E-F2B3-4B08-9B13-4DE7D2EA535F} = {9C0FA4F4-0F95-4A2E-8E83-6AB14C1D4F10}
		{B87743CE-76D0-4C69-B625-C4E5E1CE0E01} = {9C0FA4F4-0F95-4A2E-8E83-6AB14C1D4F10}
		{C88348F5-ED3A-4916-9B9E-BE86F6EE7D43} = {9C0FA4F4-0F95-4A2E-8E83-6AB14C1D4F10}
		{D7C6CA9A-D2B2-4F67-90D6-38F7A3D76E83} = {9C0FA4F4-0F95-4A2E-8E83-6AB14C1D4F10}
		{E4E13E28-45FE-48BF-B0DF-B5B26D6F37B2} = {9C0FA4F4-0F95-4A2E-8E83-6AB14C1D4F10}
		{F38D5610-3D8F-4A3F-A67E-B3E2338252B8} = {9C0FA4F4-0F95-4A2E-8E83-6AB14C1D4F10}
	EndGlobalSection
EndGlobal
